
Microsoft Visual Studio Solution File, Format Version 12.00
# Visual Studio 2013
VisualStudioVersion = 12.0.21005.1
MinimumVisualStudioVersion = 10.0.40219.1
Project("{FAE04EC0-301F-11D3-BF4B-00C04F79EFBC}") = "VisualEnglishDict", "VisualEnglishDict\VisualEnglishDict.csproj", "{4966E30A-4C50-4F09-9892-FEFED9C8455A}"
EndProject
Project("{FAE04EC0-301F-11D3-BF4B-00C04F79EFBC}") = "VisualEnglishDict.Business", "VisualEnglishDict.Business\VisualEnglishDict.Business.csproj", "{4D5EB713-B72D-4705-AF24-AB0D83D46BC5}"
EndProject
Project("{FAE04EC0-301F-11D3-BF4B-00C04F79EFBC}") = "VisualEnglishDict.Core", "VisualEnglishDict.Core\VisualEnglishDict.Core.csproj", "{BB9D689B-32EE-49FD-A491-9F7D5AA19EAF}"
EndProject
Project("{FAE04EC0-301F-11D3-BF4B-00C04F79EFBC}") = "VisualEnglishDict.Web", "VisualEnglishDict.Web\VisualEnglishDict.Web.csproj", "{F4262878-3180-4510-BB38-9352E97C5D8A}"
EndProject
Global
	GlobalSection(SolutionConfigurationPlatforms) = preSolution
		Debug|Any CPU = Debug|Any CPU
		Release|Any CPU = Release|Any CPU
	EndGlobalSection
	GlobalSection(ProjectConfigurationPlatforms) = postSolution
		{4966E30A-4C50-4F09-9892-FEFED9C8455A}.Debug|Any CPU.ActiveCfg = Debug|Any CPU
		{4966E30A-4C50-4F09-9892-FEFED9C8455A}.Debug|Any CPU.Build.0 = Debug|Any CPU
		{4966E30A-4C50-4F09-9892-FEFED9C8455A}.Release|Any CPU.ActiveCfg = Release|Any CPU
		{4966E30A-4C50-4F09-9892-FEFED9C8455A}.Release|Any CPU.Build.0 = Release|Any CPU
		{4D5EB713-B72D-4705-AF24-AB0D83D46BC5}.Debug|Any CPU.ActiveCfg = Debug|Any CPU
		{4D5EB713-B72D-4705-AF24-AB0D83D46BC5}.Debug|Any CPU.Build.0 = Debug|Any CPU
		{4D5EB713-B72D-4705-AF24-AB0D83D46BC5}.Release|Any CPU.ActiveCfg = Release|Any CPU
		{4D5EB713-B72D-4705-AF24-AB0D83D46BC5}.Release|Any CPU.Build.0 = Release|Any CPU
		{BB9D689B-32EE-49FD-A491-9F7D5AA19EAF}.Debug|Any CPU.ActiveCfg = Debug|Any CPU
		{BB9D689B-32EE-49FD-A491-9F7D5AA19EAF}.Debug|Any CPU.Build.0 = Debug|Any CPU
		{BB9D689B-32EE-49FD-A491-9F7D5AA19EAF}.Release|Any CPU.ActiveCfg = Release|Any CPU
		{BB9D689B-32EE-49FD-A491-9F7D5AA19EAF}.Release|Any CPU.Build.0 = Release|Any CPU
		{F4262878-3180-4510-BB38-9352E97C5D8A}.Debug|Any CPU.ActiveCfg = Debug|Any CPU
		{F4262878-3180-4510-BB38-9352E97C5D8A}.Debug|Any CPU.Build.0 = Debug|Any CPU
		{F4262878-3180-4510-BB38-9352E97C5D8A}.Release|Any CPU.ActiveCfg = Release|Any CPU
		{F4262878-3180-4510-BB38-9352E97C5D8A}.Release|Any CPU.Build.0 = Release|Any CPU
	EndGlobalSection
	GlobalSection(SolutionProperties) = preSolution
		HideSolutionNode = FALSE
	EndGlobalSection
EndGlobal
